// !$*UTF8*$!
{
	archiveVersion = 1;
	classes = {
	};
	objectVersion = 52;
	objects = {

/* Begin PBXBuildFile section */
		361BDBC52517062900EB8222 /* Alamofire in Frameworks */ = {isa = PBXBuildFile; productRef = 361BDBC42517062900EB8222 /* Alamofire */; };
		369ACB972515F62C00F56D20 /* FundsModel.swift in Sources */ = {isa = PBXBuildFile; fileRef = 369ACB962515F62C00F56D20 /* FundsModel.swift */; };
		36C5DE69251357F5001965B9 /* FundsInfo.swift in Sources */ = {isa = PBXBuildFile; fileRef = 36C5DE68251357F5001965B9 /* FundsInfo.swift */; };
		36C5DE6A251357F5001965B9 /* FundsInfo.swift in Sources */ = {isa = PBXBuildFile; fileRef = 36C5DE68251357F5001965B9 /* FundsInfo.swift */; };
		36C5DE6D25135848001965B9 /* FundsRow.swift in Sources */ = {isa = PBXBuildFile; fileRef = 36C5DE6C25135848001965B9 /* FundsRow.swift */; };
		36C5DE6E25135848001965B9 /* FundsRow.swift in Sources */ = {isa = PBXBuildFile; fileRef = 36C5DE6C25135848001965B9 /* FundsRow.swift */; };
		36D2D7EE25122FA900C9AB25 /* Shared.xcdatamodeld in Sources */ = {isa = PBXBuildFile; fileRef = 36D2D7D825122FA700C9AB25 /* Shared.xcdatamodeld */; };
		36D2D7EF25122FA900C9AB25 /* Shared.xcdatamodeld in Sources */ = {isa = PBXBuildFile; fileRef = 36D2D7D825122FA700C9AB25 /* Shared.xcdatamodeld */; };
		36D2D7F025122FA900C9AB25 /* iFundsApp.swift in Sources */ = {isa = PBXBuildFile; fileRef = 36D2D7DA25122FA700C9AB25 /* iFundsApp.swift */; };
		36D2D7F125122FA900C9AB25 /* iFundsApp.swift in Sources */ = {isa = PBXBuildFile; fileRef = 36D2D7DA25122FA700C9AB25 /* iFundsApp.swift */; };
		36D2D7F225122FA900C9AB25 /* ContentView.swift in Sources */ = {isa = PBXBuildFile; fileRef = 36D2D7DB25122FA700C9AB25 /* ContentView.swift */; };
		36D2D7F325122FA900C9AB25 /* ContentView.swift in Sources */ = {isa = PBXBuildFile; fileRef = 36D2D7DB25122FA700C9AB25 /* ContentView.swift */; };
		36D2D7F425122FA900C9AB25 /* Persistence.swift in Sources */ = {isa = PBXBuildFile; fileRef = 36D2D7DC25122FA700C9AB25 /* Persistence.swift */; };
		36D2D7F525122FA900C9AB25 /* Persistence.swift in Sources */ = {isa = PBXBuildFile; fileRef = 36D2D7DC25122FA700C9AB25 /* Persistence.swift */; };
		36D2D7F625122FA900C9AB25 /* Assets.xcassets in Resources */ = {isa = PBXBuildFile; fileRef = 36D2D7DD25122FA900C9AB25 /* Assets.xcassets */; };
		36D2D7F725122FA900C9AB25 /* Assets.xcassets in Resources */ = {isa = PBXBuildFile; fileRef = 36D2D7DD25122FA900C9AB25 /* Assets.xcassets */; };
		36D2D8012512451A00C9AB25 /* SearchBar.swift in Sources */ = {isa = PBXBuildFile; fileRef = 36D2D8002512451A00C9AB25 /* SearchBar.swift */; };
		36D2D8022512451A00C9AB25 /* SearchBar.swift in Sources */ = {isa = PBXBuildFile; fileRef = 36D2D8002512451A00C9AB25 /* SearchBar.swift */; };
/* End PBXBuildFile section */

/* Begin PBXFileReference section */
		369ACB962515F62C00F56D20 /* FundsModel.swift */ = {isa = PBXFileReference; lastKnownFileType = sourcecode.swift; path = FundsModel.swift; sourceTree = "<group>"; };
		36C5DE68251357F5001965B9 /* FundsInfo.swift */ = {isa = PBXFileReference; lastKnownFileType = sourcecode.swift; path = FundsInfo.swift; sourceTree = "<group>"; };
		36C5DE6C25135848001965B9 /* FundsRow.swift */ = {isa = PBXFileReference; lastKnownFileType = sourcecode.swift; path = FundsRow.swift; sourceTree = "<group>"; };
		36D2D7D925122FA700C9AB25 /* Shared.xcdatamodel */ = {isa = PBXFileReference; lastKnownFileType = wrapper.xcdatamodel; path = Shared.xcdatamodel; sourceTree = "<group>"; };
		36D2D7DA25122FA700C9AB25 /* iFundsApp.swift */ = {isa = PBXFileReference; lastKnownFileType = sourcecode.swift; path = iFundsApp.swift; sourceTree = "<group>"; };
		36D2D7DB25122FA700C9AB25 /* ContentView.swift */ = {isa = PBXFileReference; lastKnownFileType = sourcecode.swift; path = ContentView.swift; sourceTree = "<group>"; };
		36D2D7DC25122FA700C9AB25 /* Persistence.swift */ = {isa = PBXFileReference; lastKnownFileType = sourcecode.swift; path = Persistence.swift; sourceTree = "<group>"; };
		36D2D7DD25122FA900C9AB25 /* Assets.xcassets */ = {isa = PBXFileReference; lastKnownFileType = folder.assetcatalog; path = Assets.xcassets; sourceTree = "<group>"; };
		36D2D7E225122FA900C9AB25 /* iFunds.app */ = {isa = PBXFileReference; explicitFileType = wrapper.application; includeInIndex = 0; path = iFunds.app; sourceTree = BUILT_PRODUCTS_DIR; };
		36D2D7E525122FA900C9AB25 /* Info.plist */ = {isa = PBXFileReference; lastKnownFileType = text.plist.xml; path = Info.plist; sourceTree = "<group>"; };
		36D2D7EA25122FA900C9AB25 /* iFunds.app */ = {isa = PBXFileReference; explicitFileType = wrapper.application; includeInIndex = 0; path = iFunds.app; sourceTree = BUILT_PRODUCTS_DIR; };
		36D2D7EC25122FA900C9AB25 /* Info.plist */ = {isa = PBXFileReference; lastKnownFileType = text.plist.xml; path = Info.plist; sourceTree = "<group>"; };
		36D2D7ED25122FA900C9AB25 /* macOS.entitlements */ = {isa = PBXFileReference; lastKnownFileType = text.plist.entitlements; path = macOS.entitlements; sourceTree = "<group>"; };
		36D2D8002512451A00C9AB25 /* SearchBar.swift */ = {isa = PBXFileReference; lastKnownFileType = sourcecode.swift; path = SearchBar.swift; sourceTree = "<group>"; };
/* End PBXFileReference section */

/* Begin PBXFrameworksBuildPhase section */
		36D2D7DF25122FA900C9AB25 /* Frameworks */ = {
			isa = PBXFrameworksBuildPhase;
			buildActionMask = 2147483647;
			files = (
				361BDBC52517062900EB8222 /* Alamofire in Frameworks */,
			);
			runOnlyForDeploymentPostprocessing = 0;
		};
		36D2D7E725122FA900C9AB25 /* Frameworks */ = {
			isa = PBXFrameworksBuildPhase;
			buildActionMask = 2147483647;
			files = (
			);
			runOnlyForDeploymentPostprocessing = 0;
		};
/* End PBXFrameworksBuildPhase section */

/* Begin PBXGroup section */
		369ACB8D2515AE2400F56D20 /* Services */ = {
			isa = PBXGroup;
			children = (
				36D2D7DA25122FA700C9AB25 /* iFundsApp.swift */,
				36D2D7DD25122FA900C9AB25 /* Assets.xcassets */,
			);
			path = Services;
			sourceTree = "<group>";
		};
		369ACB8E2515AE7400F56D20 /* CoreData */ = {
			isa = PBXGroup;
			children = (
				36D2D7D825122FA700C9AB25 /* Shared.xcdatamodeld */,
				36D2D7DC25122FA700C9AB25 /* Persistence.swift */,
			);
			path = CoreData;
			sourceTree = "<group>";
		};
		369ACB942515EDE300F56D20 /* ViewModel */ = {
			isa = PBXGroup;
			children = (
				369ACB962515F62C00F56D20 /* FundsModel.swift */,
			);
			path = ViewModel;
			sourceTree = "<group>";
		};
		36C5DE6B251357FA001965B9 /* Views */ = {
			isa = PBXGroup;
			children = (
				36D2D7DB25122FA700C9AB25 /* ContentView.swift */,
				36D2D8002512451A00C9AB25 /* SearchBar.swift */,
				36C5DE68251357F5001965B9 /* FundsInfo.swift */,
				36C5DE6C25135848001965B9 /* FundsRow.swift */,
			);
			path = Views;
			sourceTree = "<group>";
		};
		36D2D7D225122FA700C9AB25 = {
			isa = PBXGroup;
			children = (
				36D2D7D725122FA700C9AB25 /* Shared */,
				36D2D7E425122FA900C9AB25 /* iOS */,
				36D2D7EB25122FA900C9AB25 /* macOS */,
				36D2D7E325122FA900C9AB25 /* Products */,
			);
			sourceTree = "<group>";
		};
		36D2D7D725122FA700C9AB25 /* Shared */ = {
			isa = PBXGroup;
			children = (
				369ACB942515EDE300F56D20 /* ViewModel */,
				369ACB8E2515AE7400F56D20 /* CoreData */,
				369ACB8D2515AE2400F56D20 /* Services */,
				36C5DE6B251357FA001965B9 /* Views */,
			);
			path = Shared;
			sourceTree = "<group>";
		};
		36D2D7E325122FA900C9AB25 /* Products */ = {
			isa = PBXGroup;
			children = (
				36D2D7E225122FA900C9AB25 /* iFunds.app */,
				36D2D7EA25122FA900C9AB25 /* iFunds.app */,
			);
			name = Products;
			sourceTree = "<group>";
		};
		36D2D7E425122FA900C9AB25 /* iOS */ = {
			isa = PBXGroup;
			children = (
				36D2D7E525122FA900C9AB25 /* Info.plist */,
			);
			path = iOS;
			sourceTree = "<group>";
		};
		36D2D7EB25122FA900C9AB25 /* macOS */ = {
			isa = PBXGroup;
			children = (
				36D2D7EC25122FA900C9AB25 /* Info.plist */,
				36D2D7ED25122FA900C9AB25 /* macOS.entitlements */,
			);
			path = macOS;
			sourceTree = "<group>";
		};
/* End PBXGroup section */

/* Begin PBXNativeTarget section */
		36D2D7E125122FA900C9AB25 /* iFunds (iOS) */ = {
			isa = PBXNativeTarget;
			buildConfigurationList = 36D2D7FA25122FA900C9AB25 /* Build configuration list for PBXNativeTarget "iFunds (iOS)" */;
			buildPhases = (
				36D2D7DE25122FA900C9AB25 /* Sources */,
				36D2D7DF25122FA900C9AB25 /* Frameworks */,
				36D2D7E025122FA900C9AB25 /* Resources */,
			);
			buildRules = (
			);
			dependencies = (
			);
			name = "iFunds (iOS)";
			packageProductDependencies = (
				361BDBC42517062900EB8222 /* Alamofire */,
			);
			productName = "iFunds (iOS)";
			productReference = 36D2D7E225122FA900C9AB25 /* iFunds.app */;
			productType = "com.apple.product-type.application";
		};
		36D2D7E925122FA900C9AB25 /* iFunds (macOS) */ = {
			isa = PBXNativeTarget;
			buildConfigurationList = 36D2D7FD25122FA900C9AB25 /* Build configuration list for PBXNativeTarget "iFunds (macOS)" */;
			buildPhases = (
				36D2D7E625122FA900C9AB25 /* Sources */,
				36D2D7E725122FA900C9AB25 /* Frameworks */,
				36D2D7E825122FA900C9AB25 /* Resources */,
			);
			buildRules = (
			);
			dependencies = (
			);
			name = "iFunds (macOS)";
			productName = "iFunds (macOS)";
			productReference = 36D2D7EA25122FA900C9AB25 /* iFunds.app */;
			productType = "com.apple.product-type.application";
		};
/* End PBXNativeTarget section */

/* Begin PBXProject section */
		36D2D7D325122FA700C9AB25 /* Project object */ = {
			isa = PBXProject;
			attributes = {
				LastSwiftUpdateCheck = 1200;
				LastUpgradeCheck = 1200;
				TargetAttributes = {
					36D2D7E125122FA900C9AB25 = {
						CreatedOnToolsVersion = 12.0;
					};
					36D2D7E925122FA900C9AB25 = {
						CreatedOnToolsVersion = 12.0;
					};
				};
			};
			buildConfigurationList = 36D2D7D625122FA700C9AB25 /* Build configuration list for PBXProject "iFunds" */;
			compatibilityVersion = "Xcode 9.3";
			developmentRegion = en;
			hasScannedForEncodings = 0;
			knownRegions = (
				en,
				Base,
			);
			mainGroup = 36D2D7D225122FA700C9AB25;
			packageReferences = (
				361BDBC32517062900EB8222 /* XCRemoteSwiftPackageReference "Alamofire" */,
			);
			productRefGroup = 36D2D7E325122FA900C9AB25 /* Products */;
			projectDirPath = "";
			projectRoot = "";
			targets = (
				36D2D7E125122FA900C9AB25 /* iFunds (iOS) */,
				36D2D7E925122FA900C9AB25 /* iFunds (macOS) */,
			);
		};
/* End PBXProject section */

/* Begin PBXResourcesBuildPhase section */
		36D2D7E025122FA900C9AB25 /* Resources */ = {
			isa = PBXResourcesBuildPhase;
			buildActionMask = 2147483647;
			files = (
				36D2D7F625122FA900C9AB25 /* Assets.xcassets in Resources */,
			);
			runOnlyForDeploymentPostprocessing = 0;
		};
		36D2D7E825122FA900C9AB25 /* Resources */ = {
			isa = PBXResourcesBuildPhase;
			buildActionMask = 2147483647;
			files = (
				36D2D7F725122FA900C9AB25 /* Assets.xcassets in Resources */,
			);
			runOnlyForDeploymentPostprocessing = 0;
		};
/* End PBXResourcesBuildPhase section */

/* Begin PBXSourcesBuildPhase section */
		36D2D7DE25122FA900C9AB25 /* Sources */ = {
			isa = PBXSourcesBuildPhase;
			buildActionMask = 2147483647;
			files = (
				36D2D7F025122FA900C9AB25 /* iFundsApp.swift in Sources */,
				36D2D7F425122FA900C9AB25 /* Persistence.swift in Sources */,
				36D2D8012512451A00C9AB25 /* SearchBar.swift in Sources */,
				36D2D7EE25122FA900C9AB25 /* Shared.xcdatamodeld in Sources */,
				369ACB972515F62C00F56D20 /* FundsModel.swift in Sources */,
				36C5DE69251357F5001965B9 /* FundsInfo.swift in Sources */,
				36D2D7F225122FA900C9AB25 /* ContentView.swift in Sources */,
				36C5DE6D25135848001965B9 /* FundsRow.swift in Sources */,
			);
			runOnlyForDeploymentPostprocessing = 0;
		};
		36D2D7E625122FA900C9AB25 /* Sources */ = {
			isa = PBXSourcesBuildPhase;
			buildActionMask = 2147483647;
			files = (
				36D2D7F125122FA900C9AB25 /* iFundsApp.swift in Sources */,
				36D2D7F525122FA900C9AB25 /* Persistence.swift in Sources */,
				36D2D8022512451A00C9AB25 /* SearchBar.swift in Sources */,
				36D2D7EF25122FA900C9AB25 /* Shared.xcdatamodeld in Sources */,
				36C5DE6A251357F5001965B9 /* FundsInfo.swift in Sources */,
				36D2D7F325122FA900C9AB25 /* ContentView.swift in Sources */,
				36C5DE6E25135848001965B9 /* FundsRow.swift in Sources */,
			);
			runOnlyForDeploymentPostprocessing = 0;
		};
/* End PBXSourcesBuildPhase section */

/* Begin XCBuildConfiguration section */
		36D2D7F825122FA900C9AB25 /* Debug */ = {
			isa = XCBuildConfiguration;
			buildSettings = {
				ALWAYS_SEARCH_USER_PATHS = NO;
				CLANG_ANALYZER_NONNULL = YES;
				CLANG_ANALYZER_NUMBER_OBJECT_CONVERSION = YES_AGGRESSIVE;
				CLANG_CXX_LANGUAGE_STANDARD = "gnu++14";
				CLANG_CXX_LIBRARY = "libc++";
				CLANG_ENABLE_MODULES = YES;
				CLANG_ENABLE_OBJC_ARC = YES;
				CLANG_ENABLE_OBJC_WEAK = YES;
				CLANG_WARN_BLOCK_CAPTURE_AUTORELEASING = YES;
				CLANG_WARN_BOOL_CONVERSION = YES;
				CLANG_WARN_COMMA = YES;
				CLANG_WARN_CONSTANT_CONVERSION = YES;
				CLANG_WARN_DEPRECATED_OBJC_IMPLEMENTATIONS = YES;
				CLANG_WARN_DIRECT_OBJC_ISA_USAGE = YES_ERROR;
				CLANG_WARN_DOCUMENTATION_COMMENTS = YES;
				CLANG_WARN_EMPTY_BODY = YES;
				CLANG_WARN_ENUM_CONVERSION = YES;
				CLANG_WARN_INFINITE_RECURSION = YES;
				CLANG_WARN_INT_CONVERSION = YES;
				CLANG_WARN_NON_LITERAL_NULL_CONVERSION = YES;
				CLANG_WARN_OBJC_IMPLICIT_RETAIN_SELF = YES;
				CLANG_WARN_OBJC_LITERAL_CONVERSION = YES;
				CLANG_WARN_OBJC_ROOT_CLASS = YES_ERROR;
				CLANG_WARN_QUOTED_INCLUDE_IN_FRAMEWORK_HEADER = YES;
				CLANG_WARN_RANGE_LOOP_ANALYSIS = YES;
				CLANG_WARN_STRICT_PROTOTYPES = YES;
				CLANG_WARN_SUSPICIOUS_MOVE = YES;
				CLANG_WARN_UNGUARDED_AVAILABILITY = YES_AGGRESSIVE;
				CLANG_WARN_UNREACHABLE_CODE = YES;
				CLANG_WARN__DUPLICATE_METHOD_MATCH = YES;
				COPY_PHASE_STRIP = NO;
				DEBUG_INFORMATION_FORMAT = dwarf;
				ENABLE_STRICT_OBJC_MSGSEND = YES;
				ENABLE_TESTABILITY = YES;
				GCC_C_LANGUAGE_STANDARD = gnu11;
				GCC_DYNAMIC_NO_PIC = NO;
				GCC_NO_COMMON_BLOCKS = YES;
				GCC_OPTIMIZATION_LEVEL = 0;
				GCC_PREPROCESSOR_DEFINITIONS = (
					"DEBUG=1",
					"$(inherited)",
				);
				GCC_WARN_64_TO_32_BIT_CONVERSION = YES;
				GCC_WARN_ABOUT_RETURN_TYPE = YES_ERROR;
				GCC_WARN_UNDECLARED_SELECTOR = YES;
				GCC_WARN_UNINITIALIZED_AUTOS = YES_AGGRESSIVE;
				GCC_WARN_UNUSED_FUNCTION = YES;
				GCC_WARN_UNUSED_VARIABLE = YES;
				IPHONEOS_DEPLOYMENT_TARGET = 14.2;
				MACOSX_DEPLOYMENT_TARGET = 11.0;
				MTL_ENABLE_DEBUG_INFO = INCLUDE_SOURCE;
				MTL_FAST_MATH = YES;
				ONLY_ACTIVE_ARCH = YES;
				SWIFT_ACTIVE_COMPILATION_CONDITIONS = DEBUG;
				SWIFT_OPTIMIZATION_LEVEL = "-Onone";
			};
			name = Debug;
		};
		36D2D7F925122FA900C9AB25 /* Release */ = {
			isa = XCBuildConfiguration;
			buildSettings = {
				ALWAYS_SEARCH_USER_PATHS = NO;
				CLANG_ANALYZER_NONNULL = YES;
				CLANG_ANALYZER_NUMBER_OBJECT_CONVERSION = YES_AGGRESSIVE;
				CLANG_CXX_LANGUAGE_STANDARD = "gnu++14";
				CLANG_CXX_LIBRARY = "libc++";
				CLANG_ENABLE_MODULES = YES;
				CLANG_ENABLE_OBJC_ARC = YES;
				CLANG_ENABLE_OBJC_WEAK = YES;
				CLANG_WARN_BLOCK_CAPTURE_AUTORELEASING = YES;
				CLANG_WARN_BOOL_CONVERSION = YES;
				CLANG_WARN_COMMA = YES;
				CLANG_WARN_CONSTANT_CONVERSION = YES;
				CLANG_WARN_DEPRECATED_OBJC_IMPLEMENTATIONS = YES;
				CLANG_WARN_DIRECT_OBJC_ISA_USAGE = YES_ERROR;
				CLANG_WARN_DOCUMENTATION_COMMENTS = YES;
				CLANG_WARN_EMPTY_BODY = YES;
				CLANG_WARN_ENUM_CONVERSION = YES;
				CLANG_WARN_INFINITE_RECURSION = YES;
				CLANG_WARN_INT_CONVERSION = YES;
				CLANG_WARN_NON_LITERAL_NULL_CONVERSION = YES;
				CLANG_WARN_OBJC_IMPLICIT_RETAIN_SELF = YES;
				CLANG_WARN_OBJC_LITERAL_CONVERSION = YES;
				CLANG_WARN_OBJC_ROOT_CLASS = YES_ERROR;
				CLANG_WARN_QUOTED_INCLUDE_IN_FRAMEWORK_HEADER = YES;
				CLANG_WARN_RANGE_LOOP_ANALYSIS = YES;
				CLANG_WARN_STRICT_PROTOTYPES = YES;
				CLANG_WARN_SUSPICIOUS_MOVE = YES;
				CLANG_WARN_UNGUARDED_AVAILABILITY = YES_AGGRESSIVE;
				CLANG_WARN_UNREACHABLE_CODE = YES;
				CLANG_WARN__DUPLICATE_METHOD_MATCH = YES;
				COPY_PHASE_STRIP = NO;
				DEBUG_INFORMATION_FORMAT = "dwarf-with-dsym";
				ENABLE_NS_ASSERTIONS = NO;
				ENABLE_STRICT_OBJC_MSGSEND = YES;
				GCC_C_LANGUAGE_STANDARD = gnu11;
				GCC_NO_COMMON_BLOCKS = YES;
				GCC_WARN_64_TO_32_BIT_CONVERSION = YES;
				GCC_WARN_ABOUT_RETURN_TYPE = YES_ERROR;
				GCC_WARN_UNDECLARED_SELECTOR = YES;
				GCC_WARN_UNINITIALIZED_AUTOS = YES_AGGRESSIVE;
				GCC_WARN_UNUSED_FUNCTION = YES;
				GCC_WARN_UNUSED_VARIABLE = YES;
				IPHONEOS_DEPLOYMENT_TARGET = 14.2;
				MACOSX_DEPLOYMENT_TARGET = 11.0;
				MTL_ENABLE_DEBUG_INFO = NO;
				MTL_FAST_MATH = YES;
				SWIFT_COMPILATION_MODE = wholemodule;
				SWIFT_OPTIMIZATION_LEVEL = "-O";
			};
			name = Release;
		};
		36D2D7FB25122FA900C9AB25 /* Debug */ = {
			isa = XCBuildConfiguration;
			buildSettings = {
				ASSETCATALOG_COMPILER_APPICON_NAME = AppIcon;
				ASSETCATALOG_COMPILER_GLOBAL_ACCENT_COLOR_NAME = AccentColor;
				CODE_SIGN_STYLE = Automatic;
				DEVELOPMENT_TEAM = 7XRL4435MW;
				ENABLE_PREVIEWS = YES;
				INFOPLIST_FILE = iOS/Info.plist;
				IPHONEOS_DEPLOYMENT_TARGET = 14.0;
				LD_RUNPATH_SEARCH_PATHS = (
					"$(inherited)",
					"@executable_path/Frameworks",
				);
				PRODUCT_BUNDLE_IDENTIFIER = tech.soyl.iFunds;
				PRODUCT_NAME = iFunds;
				SDKROOT = iphoneos;
				SWIFT_VERSION = 5.0;
				TARGETED_DEVICE_FAMILY = "1,2";
			};
			name = Debug;
		};
		36D2D7FC25122FA900C9AB25 /* Release */ = {
			isa = XCBuildConfiguration;
			buildSettings = {
				ASSETCATALOG_COMPILER_APPICON_NAME = AppIcon;
				ASSETCATALOG_COMPILER_GLOBAL_ACCENT_COLOR_NAME = AccentColor;
				CODE_SIGN_STYLE = Automatic;
				DEVELOPMENT_TEAM = 7XRL4435MW;
				ENABLE_PREVIEWS = YES;
				INFOPLIST_FILE = iOS/Info.plist;
				IPHONEOS_DEPLOYMENT_TARGET = 14.0;
				LD_RUNPATH_SEARCH_PATHS = (
					"$(inherited)",
					"@executable_path/Frameworks",
				);
				PRODUCT_BUNDLE_IDENTIFIER = tech.soyl.iFunds;
				PRODUCT_NAME = iFunds;
				SDKROOT = iphoneos;
				SWIFT_VERSION = 5.0;
				TARGETED_DEVICE_FAMILY = "1,2";
				VALIDATE_PRODUCT = YES;
			};
			name = Release;
		};
		36D2D7FE25122FA900C9AB25 /* Debug */ = {
			isa = XCBuildConfiguration;
			buildSettings = {
				ASSETCATALOG_COMPILER_APPICON_NAME = AppIcon;
				ASSETCATALOG_COMPILER_GLOBAL_ACCENT_COLOR_NAME = AccentColor;
				CODE_SIGN_ENTITLEMENTS = macOS/macOS.entitlements;
				CODE_SIGN_STYLE = Automatic;
				COMBINE_HIDPI_IMAGES = YES;
				DEVELOPMENT_TEAM = 7XRL4435MW;
				ENABLE_HARDENED_RUNTIME = YES;
				ENABLE_PREVIEWS = YES;
				INFOPLIST_FILE = macOS/Info.plist;
				LD_RUNPATH_SEARCH_PATHS = (
					"$(inherited)",
					"@executable_path/../Frameworks",
				);
				MACOSX_DEPLOYMENT_TARGET = 11.0;
				PRODUCT_BUNDLE_IDENTIFIER = tech.soyl.iFunds;
				PRODUCT_NAME = iFunds;
				SDKROOT = macosx;
				SWIFT_VERSION = 5.0;
			};
			name = Debug;
		};
		36D2D7FF25122FA900C9AB25 /* Release */ = {
			isa = XCBuildConfiguration;
			buildSettings = {
				ASSETCATALOG_COMPILER_APPICON_NAME = AppIcon;
				ASSETCATALOG_COMPILER_GLOBAL_ACCENT_COLOR_NAME = AccentColor;
				CODE_SIGN_ENTITLEMENTS = macOS/macOS.entitlements;
				CODE_SIGN_STYLE = Automatic;
				COMBINE_HIDPI_IMAGES = YES;
				DEVELOPMENT_TEAM = 7XRL4435MW;
				ENABLE_HARDENED_RUNTIME = YES;
				ENABLE_PREVIEWS = YES;
				INFOPLIST_FILE = macOS/Info.plist;
				LD_RUNPATH_SEARCH_PATHS = (
					"$(inherited)",
					"@executable_path/../Frameworks",
				);
				MACOSX_DEPLOYMENT_TARGET = 11.0;
				PRODUCT_BUNDLE_IDENTIFIER = tech.soyl.iFunds;
				PRODUCT_NAME = iFunds;
				SDKROOT = macosx;
				SWIFT_VERSION = 5.0;
			};
			name = Release;
		};
/* End XCBuildConfiguration section */

/* Begin XCConfigurationList section */
		36D2D7D625122FA700C9AB25 /* Build configuration list for PBXProject "iFunds" */ = {
			isa = XCConfigurationList;
			buildConfigurations = (
				36D2D7F825122FA900C9AB25 /* Debug */,
				36D2D7F925122FA900C9AB25 /* Release */,
			);
			defaultConfigurationIsVisible = 0;
			defaultConfigurationName = Release;
		};
		36D2D7FA25122FA900C9AB25 /* Build configuration list for PBXNativeTarget "iFunds (iOS)" */ = {
			isa = XCConfigurationList;
			buildConfigurations = (
				36D2D7FB25122FA900C9AB25 /* Debug */,
				36D2D7FC25122FA900C9AB25 /* Release */,
			);
			defaultConfigurationIsVisible = 0;
			defaultConfigurationName = Release;
		};
		36D2D7FD25122FA900C9AB25 /* Build configuration list for PBXNativeTarget "iFunds (macOS)" */ = {
			isa = XCConfigurationList;
			buildConfigurations = (
				36D2D7FE25122FA900C9AB25 /* Debug */,
				36D2D7FF25122FA900C9AB25 /* Release */,
			);
			defaultConfigurationIsVisible = 0;
			defaultConfigurationName = Release;
		};
/* End XCConfigurationList section */

/* Begin XCRemoteSwiftPackageReference section */
		361BDBC32517062900EB8222 /* XCRemoteSwiftPackageReference "Alamofire" */ = {
			isa = XCRemoteSwiftPackageReference;
			repositoryURL = "git@github.com:Alamofire/Alamofire.git";
			requirement = {
				kind = upToNextMajorVersion;
				minimumVersion = 5.2.2;
			};
		};
/* End XCRemoteSwiftPackageReference section */

/* Begin XCSwiftPackageProductDependency section */
		361BDBC42517062900EB8222 /* Alamofire */ = {
			isa = XCSwiftPackageProductDependency;
			package = 361BDBC32517062900EB8222 /* XCRemoteSwiftPackageReference "Alamofire" */;
			productName = Alamofire;
		};
/* End XCSwiftPackageProductDependency section */

/* Begin XCVersionGroup section */
		36D2D7D825122FA700C9AB25 /* Shared.xcdatamodeld */ = {
			isa = XCVersionGroup;
			children = (
				36D2D7D925122FA700C9AB25 /* Shared.xcdatamodel */,
			);
			currentVersion = 36D2D7D925122FA700C9AB25 /* Shared.xcdatamodel */;
			path = Shared.xcdatamodeld;
			sourceTree = "<group>";
			versionGroupType = wrapper.xcdatamodel;
		};
/* End XCVersionGroup section */
	};
	rootObject = 36D2D7D325122FA700C9AB25 /* Project object */;
}
